
Microsoft Visual Studio Solution File, Format Version 12.00
# Visual Studio Version 16
VisualStudioVersion = 16.0.29728.190
MinimumVisualStudioVersion = 10.0.40219.1
Project("{FAE04EC0-301F-11D3-BF4B-00C04F79EFBC}") = "gSeer GUI", "gSeer GUI\gSeer GUI.csproj", "{106035BC-ECE8-4583-82B2-1B108119956A}"
EndProject
Project("{FAE04EC0-301F-11D3-BF4B-00C04F79EFBC}") = "gSeer", "gSeer\gSeer.csproj", "{82015B03-4AF0-4B67-BF11-C8F9BFE5E1B9}"
EndProject
Project("{2150E333-8FDC-42A3-9474-1A3956D46DE8}") = "Solution Items", "Solution Items", "{2746BEFD-C969-4ADA-88B1-C3D7F6A8D8C2}"
	ProjectSection(SolutionItems) = preProject
		Dependency.pptx = Dependency.pptx
		LICENSE = LICENSE
		README.md = README.md
		stanley.ec02.pdf = stanley.ec02.pdf
		stanley.phd04.pdf = stanley.phd04.pdf
	EndProjectSection
EndProject
Global
	GlobalSection(SolutionConfigurationPlatforms) = preSolution
		Debug|Any CPU = Debug|Any CPU
		Release|Any CPU = Release|Any CPU
	EndGlobalSection
	GlobalSection(ProjectConfigurationPlatforms) = postSolution
		{106035BC-ECE8-4583-82B2-1B108119956A}.Debug|Any CPU.ActiveCfg = Debug|Any CPU
		{106035BC-ECE8-4583-82B2-1B108119956A}.Debug|Any CPU.Build.0 = Debug|Any CPU
		{106035BC-ECE8-4583-82B2-1B108119956A}.Release|Any CPU.ActiveCfg = Release|Any CPU
		{106035BC-ECE8-4583-82B2-1B108119956A}.Release|Any CPU.Build.0 = Release|Any CPU
		{82015B03-4AF0-4B67-BF11-C8F9BFE5E1B9}.Debug|Any CPU.ActiveCfg = Debug|Any CPU
		{82015B03-4AF0-4B67-BF11-C8F9BFE5E1B9}.Debug|Any CPU.Build.0 = Debug|Any CPU
		{82015B03-4AF0-4B67-BF11-C8F9BFE5E1B9}.Release|Any CPU.ActiveCfg = Release|Any CPU
		{82015B03-4AF0-4B67-BF11-C8F9BFE5E1B9}.Release|Any CPU.Build.0 = Release|Any CPU
	EndGlobalSection
	GlobalSection(SolutionProperties) = preSolution
		HideSolutionNode = FALSE
	EndGlobalSection
	GlobalSection(ExtensibilityGlobals) = postSolution
		SolutionGuid = {4C33BCF0-86AF-44C9-B3AE-A115B2A73A44}
	EndGlobalSection
EndGlobal
